// !$*UTF8*$!
{
	archiveVersion = 1;
	classes = {
	};
	objectVersion = 77;
	objects = {

/* Begin PBXBuildFile section */
		00A207CA17B6BC833FA08019 /* LibraryView.swift in Sources */ = {isa = PBXBuildFile; fileRef = CF4D72E17BFECAA88BD1D1B8 /* LibraryView.swift */; };
		01A756ABF294D96C0F8BBA7B /* ReaderView.swift in Sources */ = {isa = PBXBuildFile; fileRef = 8E94569B2D157A655AC251A9 /* ReaderView.swift */; };
		11390C0445DCFFEFB8C05110 /* ModelDownloadManager.swift in Sources */ = {isa = PBXBuildFile; fileRef = B859DDD614E98E52A6B67ABF /* ModelDownloadManager.swift */; };
		116C8B96BEDA3D8B9DFED842 /* ReleaseModelRegistry.swift in Sources */ = {isa = PBXBuildFile; fileRef = 933400361BD893F0712F052D /* ReleaseModelRegistry.swift */; };
		3AB923266383E9CCC57C5DD6 /* StoryRepository.swift in Sources */ = {isa = PBXBuildFile; fileRef = 3D7650B54A4C5B046A2C4FC2 /* StoryRepository.swift */; };
		44797F28A87D5FDA88750131 /* MidiPlayer.swift in Sources */ = {isa = PBXBuildFile; fileRef = 6264B5AA5E8EEB9994CAE1E5 /* MidiPlayer.swift */; };
		47FEDED8B26BF4FBAC46C168 /* ZIPFoundation in Frameworks */ = {isa = PBXBuildFile; productRef = D8EB8F44B980F8829EBF8C14 /* ZIPFoundation */; };
		4C53545245414D4252494447 /* LlamaBridge.c in Sources */ = {isa = PBXBuildFile; fileRef = 4C53545245414D4252494446 /* LlamaBridge.c */; };
		59A264E91F0CF4C753C146D5 /* LlamaEngine.swift in Sources */ = {isa = PBXBuildFile; fileRef = 46B0F9950D339B2F38789202 /* LlamaEngine.swift */; };
		622D9B644C99DE5E3C46E49E /* GraphNode.swift in Sources */ = {isa = PBXBuildFile; fileRef = C4DDF0C1C1ECEE614E5A00B7 /* GraphNode.swift */; };
		687B99AF8B9EDD164133C5F4 /* TrustedV2Schemas.swift in Sources */ = {isa = PBXBuildFile; fileRef = CDC8234F39B42C8E9AFC3287 /* TrustedV2Schemas.swift */; };
		6C23345D42233CB42F6108B9 /* SaveState.swift in Sources */ = {isa = PBXBuildFile; fileRef = 9FCC34EE47A360B7E9B2AAAB /* SaveState.swift */; };
		720ECF17B6DAB14E6CAA3B9D /* ConversationHistoryStore.swift in Sources */ = {isa = PBXBuildFile; fileRef = 8767CD2F6C49CD90D2BEAFB8 /* ConversationHistoryStore.swift */; };
		79B585E4B3D8D1E839A3B5B5 /* AppTheme.swift in Sources */ = {isa = PBXBuildFile; fileRef = 5168752086AC4CCD36CC9967 /* AppTheme.swift */; };
		899FDE633C03E839C970E83B /* GmIndex.swift in Sources */ = {isa = PBXBuildFile; fileRef = 35A1D0A3E88C4642152C79F6 /* GmIndex.swift */; };
		9D5F6D406360CBF6B490F8D2 /* KnowledgeSource.swift in Sources */ = {isa = PBXBuildFile; fileRef = 12DB61B65D8B75C536C92AEB /* KnowledgeSource.swift */; };
		B27A961F9B102097142E36CE /* StoryPackage.swift in Sources */ = {isa = PBXBuildFile; fileRef = 97D8EDE03C4A43219658635A /* StoryPackage.swift */; };
		B290B2A595E755DB52F0F61F /* V2PackageValidator.swift in Sources */ = {isa = PBXBuildFile; fileRef = 8F39AB8AD0C3472CEB11F426 /* V2PackageValidator.swift */; };
		B48AF4BE91682403B6982BD0 /* ChunkStream.swift in Sources */ = {isa = PBXBuildFile; fileRef = A1E0108F5F9A5057BD1361E4 /* ChunkStream.swift */; };
		C330930F24A94BFB7202974E /* GameMasterView.swift in Sources */ = {isa = PBXBuildFile; fileRef = 7284B498BEC17DD7BC126EA7 /* GameMasterView.swift */; };
		CC6FED8872BB19FF970A14BE /* ContentView.swift in Sources */ = {isa = PBXBuildFile; fileRef = 77BA62CBFCB623471B780CB8 /* ContentView.swift */; };
		D61A559E473E835817738B39 /* StoryParser.swift in Sources */ = {isa = PBXBuildFile; fileRef = 7A7466C28F69CE3B069D8922 /* StoryParser.swift */; };
		DF980F99216D472FFADCA938 /* TrustedJSONSchema.swift in Sources */ = {isa = PBXBuildFile; fileRef = 0C4D49B68C08B73E756FB856 /* TrustedJSONSchema.swift */; };
		FD4B8F90A613D0D8149DF35C /* StoryTellerApp.swift in Sources */ = {isa = PBXBuildFile; fileRef = BE470851B2963E1232B12BD8 /* StoryTellerApp.swift */; };
/* End PBXBuildFile section */

/* Begin PBXFileReference section */
		0170653C605F2F82D821E3FC /* Info.plist */ = {isa = PBXFileReference; lastKnownFileType = text.plist; path = Info.plist; sourceTree = "<group>"; };
		0C4D49B68C08B73E756FB856 /* TrustedJSONSchema.swift */ = {isa = PBXFileReference; lastKnownFileType = sourcecode.swift; path = TrustedJSONSchema.swift; sourceTree = "<group>"; };
		0D948BF193A604F4C1585CFC /* StoryTeller.app */ = {isa = PBXFileReference; includeInIndex = 0; lastKnownFileType = wrapper.application; path = StoryTeller.app; sourceTree = BUILT_PRODUCTS_DIR; };
		12DB61B65D8B75C536C92AEB /* KnowledgeSource.swift */ = {isa = PBXFileReference; lastKnownFileType = sourcecode.swift; path = KnowledgeSource.swift; sourceTree = "<group>"; };
		35A1D0A3E88C4642152C79F6 /* GmIndex.swift */ = {isa = PBXFileReference; lastKnownFileType = sourcecode.swift; path = GmIndex.swift; sourceTree = "<group>"; };
		3D7650B54A4C5B046A2C4FC2 /* StoryRepository.swift */ = {isa = PBXFileReference; lastKnownFileType = sourcecode.swift; path = StoryRepository.swift; sourceTree = "<group>"; };
		46B0F9950D339B2F38789202 /* LlamaEngine.swift */ = {isa = PBXFileReference; lastKnownFileType = sourcecode.swift; path = LlamaEngine.swift; sourceTree = "<group>"; };
		4C53545245414D4252494446 /* LlamaBridge.c */ = {isa = PBXFileReference; lastKnownFileType = sourcecode.c.c; path = LlamaBridge.c; sourceTree = "<group>"; };
		5168752086AC4CCD36CC9967 /* AppTheme.swift */ = {isa = PBXFileReference; lastKnownFileType = sourcecode.swift; path = AppTheme.swift; sourceTree = "<group>"; };
		6264B5AA5E8EEB9994CAE1E5 /* MidiPlayer.swift */ = {isa = PBXFileReference; lastKnownFileType = sourcecode.swift; path = MidiPlayer.swift; sourceTree = "<group>"; };
		7284B498BEC17DD7BC126EA7 /* GameMasterView.swift */ = {isa = PBXFileReference; lastKnownFileType = sourcecode.swift; path = GameMasterView.swift; sourceTree = "<group>"; };
		77BA62CBFCB623471B780CB8 /* ContentView.swift */ = {isa = PBXFileReference; lastKnownFileType = sourcecode.swift; path = ContentView.swift; sourceTree = "<group>"; };
		7A7466C28F69CE3B069D8922 /* StoryParser.swift */ = {isa = PBXFileReference; lastKnownFileType = sourcecode.swift; path = StoryParser.swift; sourceTree = "<group>"; };
		8767CD2F6C49CD90D2BEAFB8 /* ConversationHistoryStore.swift */ = {isa = PBXFileReference; lastKnownFileType = sourcecode.swift; path = ConversationHistoryStore.swift; sourceTree = "<group>"; };
		8E94569B2D157A655AC251A9 /* ReaderView.swift */ = {isa = PBXFileReference; lastKnownFileType = sourcecode.swift; path = ReaderView.swift; sourceTree = "<group>"; };
		8F39AB8AD0C3472CEB11F426 /* V2PackageValidator.swift */ = {isa = PBXFileReference; lastKnownFileType = sourcecode.swift; path = V2PackageValidator.swift; sourceTree = "<group>"; };
		933400361BD893F0712F052D /* ReleaseModelRegistry.swift */ = {isa = PBXFileReference; lastKnownFileType = sourcecode.swift; path = ReleaseModelRegistry.swift; sourceTree = "<group>"; };
		97D8EDE03C4A43219658635A /* StoryPackage.swift */ = {isa = PBXFileReference; lastKnownFileType = sourcecode.swift; path = StoryPackage.swift; sourceTree = "<group>"; };
		9FCC34EE47A360B7E9B2AAAB /* SaveState.swift */ = {isa = PBXFileReference; lastKnownFileType = sourcecode.swift; path = SaveState.swift; sourceTree = "<group>"; };
		A1E0108F5F9A5057BD1361E4 /* ChunkStream.swift */ = {isa = PBXFileReference; lastKnownFileType = sourcecode.swift; path = ChunkStream.swift; sourceTree = "<group>"; };
		B859DDD614E98E52A6B67ABF /* ModelDownloadManager.swift */ = {isa = PBXFileReference; lastKnownFileType = sourcecode.swift; path = ModelDownloadManager.swift; sourceTree = "<group>"; };
		BE470851B2963E1232B12BD8 /* StoryTellerApp.swift */ = {isa = PBXFileReference; lastKnownFileType = sourcecode.swift; path = StoryTellerApp.swift; sourceTree = "<group>"; };
		C4DDF0C1C1ECEE614E5A00B7 /* GraphNode.swift */ = {isa = PBXFileReference; lastKnownFileType = sourcecode.swift; path = GraphNode.swift; sourceTree = "<group>"; };
		CDC8234F39B42C8E9AFC3287 /* TrustedV2Schemas.swift */ = {isa = PBXFileReference; lastKnownFileType = sourcecode.swift; path = TrustedV2Schemas.swift; sourceTree = "<group>"; };
		CF4D72E17BFECAA88BD1D1B8 /* LibraryView.swift */ = {isa = PBXFileReference; lastKnownFileType = sourcecode.swift; path = LibraryView.swift; sourceTree = "<group>"; };
/* End PBXFileReference section */

/* Begin PBXFrameworksBuildPhase section */
		5FDEE45E891FEA1A558DFB69 /* Frameworks */ = {
			isa = PBXFrameworksBuildPhase;
			buildActionMask = 2147483647;
			files = (
				47FEDED8B26BF4FBAC46C168 /* ZIPFoundation in Frameworks */,
			);
			runOnlyForDeploymentPostprocessing = 0;
		};
/* End PBXFrameworksBuildPhase section */

/* Begin PBXGroup section */
		09EE1A867998A05C56CEE433 /* StoryTeller */ = {
			isa = PBXGroup;
			children = (
				77BA62CBFCB623471B780CB8 /* ContentView.swift */,
				0170653C605F2F82D821E3FC /* Info.plist */,
				BE470851B2963E1232B12BD8 /* StoryTellerApp.swift */,
				6B2801737E86DB62753E4181 /* Data */,
				DB10CE533D1A8F212A9802C0 /* Engine */,
				BE98C642AAD9ECF53C3DA46F /* Model */,
				E1AA7A2E0007B46F67652C94 /* UI */,
			);
			path = StoryTeller;
			sourceTree = "<group>";
		};
		1F8F21030F521405C69FE2C3 /* Screens */ = {
			isa = PBXGroup;
			children = (
				7284B498BEC17DD7BC126EA7 /* GameMasterView.swift */,
				CF4D72E17BFECAA88BD1D1B8 /* LibraryView.swift */,
				8E94569B2D157A655AC251A9 /* ReaderView.swift */,
			);
			path = Screens;
			sourceTree = "<group>";
		};
		6B2801737E86DB62753E4181 /* Data */ = {
			isa = PBXGroup;
			children = (
				35A1D0A3E88C4642152C79F6 /* GmIndex.swift */,
				12DB61B65D8B75C536C92AEB /* KnowledgeSource.swift */,
				9FCC34EE47A360B7E9B2AAAB /* SaveState.swift */,
				3D7650B54A4C5B046A2C4FC2 /* StoryRepository.swift */,
			);
			path = Data;
			sourceTree = "<group>";
		};
		BE98C642AAD9ECF53C3DA46F /* Model */ = {
			isa = PBXGroup;
			children = (
				C4DDF0C1C1ECEE614E5A00B7 /* GraphNode.swift */,
				B859DDD614E98E52A6B67ABF /* ModelDownloadManager.swift */,
				933400361BD893F0712F052D /* ReleaseModelRegistry.swift */,
				97D8EDE03C4A43219658635A /* StoryPackage.swift */,
			);
			path = Model;
			sourceTree = "<group>";
		};
		BFB3AE35338B69AA2B2CFE81 /* Theme */ = {
			isa = PBXGroup;
			children = (
				5168752086AC4CCD36CC9967 /* AppTheme.swift */,
			);
			path = Theme;
			sourceTree = "<group>";
		};
		D81FA98B4CA325C713CA3A82 = {
			isa = PBXGroup;
			children = (
				09EE1A867998A05C56CEE433 /* StoryTeller */,
				E2F844768498037C48A51D33 /* Products */,
			);
			sourceTree = "<group>";
		};
		DB10CE533D1A8F212A9802C0 /* Engine */ = {
			isa = PBXGroup;
			children = (
				A1E0108F5F9A5057BD1361E4 /* ChunkStream.swift */,
				8767CD2F6C49CD90D2BEAFB8 /* ConversationHistoryStore.swift */,
				4C53545245414D4252494446 /* LlamaBridge.c */,
				46B0F9950D339B2F38789202 /* LlamaEngine.swift */,
				6264B5AA5E8EEB9994CAE1E5 /* MidiPlayer.swift */,
				7A7466C28F69CE3B069D8922 /* StoryParser.swift */,
				0C4D49B68C08B73E756FB856 /* TrustedJSONSchema.swift */,
				CDC8234F39B42C8E9AFC3287 /* TrustedV2Schemas.swift */,
				8F39AB8AD0C3472CEB11F426 /* V2PackageValidator.swift */,
			);
			path = Engine;
			sourceTree = "<group>";
		};
		E1AA7A2E0007B46F67652C94 /* UI */ = {
			isa = PBXGroup;
			children = (
				1F8F21030F521405C69FE2C3 /* Screens */,
				BFB3AE35338B69AA2B2CFE81 /* Theme */,
			);
			path = UI;
			sourceTree = "<group>";
		};
		E2F844768498037C48A51D33 /* Products */ = {
			isa = PBXGroup;
			children = (
				0D948BF193A604F4C1585CFC /* StoryTeller.app */,
			);
			name = Products;
			sourceTree = "<group>";
		};
		"TEMP_BC342D54-5BA4-43FD-B680-C7230B1BE1F1" /* Resources */ = {
			isa = PBXGroup;
			children = (
			);
			path = Resources;
			sourceTree = "<group>";
		};
/* End PBXGroup section */

/* Begin PBXNativeTarget section */
		C850C6F3C93CCBD09A89B3B8 /* StoryTeller */ = {
			isa = PBXNativeTarget;
			buildConfigurationList = 9CD942C34E7FF68B4A85E386 /* Build configuration list for PBXNativeTarget "StoryTeller" */;
			buildPhases = (
				60338A0ACE81A702899AE701 /* Build llama.cpp */,
				011B0520F0A110C829544BAC /* Sources */,
				5FDEE45E891FEA1A558DFB69 /* Frameworks */,
			);
			buildRules = (
			);
			dependencies = (
			);
			name = StoryTeller;
			packageProductDependencies = (
				D8EB8F44B980F8829EBF8C14 /* ZIPFoundation */,
			);
			productName = StoryTeller;
			productReference = 0D948BF193A604F4C1585CFC /* StoryTeller.app */;
			productType = "com.apple.product-type.application";
		};
/* End PBXNativeTarget section */

/* Begin PBXProject section */
		CB56BE3DA31119AF1CC84FD5 /* Project object */ = {
			isa = PBXProject;
			attributes = {
				BuildIndependentTargetsInParallel = YES;
				LastUpgradeCheck = 1500;
				TargetAttributes = {
					C850C6F3C93CCBD09A89B3B8 = {
						DevelopmentTeam = "";
					};
				};
			};
			buildConfigurationList = 0A7597D6ECC3C0851F44CBC1 /* Build configuration list for PBXProject "StoryTeller" */;
			developmentRegion = en;
			hasScannedForEncodings = 0;
			knownRegions = (
				Base,
				en,
			);
			mainGroup = D81FA98B4CA325C713CA3A82;
			minimizedProjectReferenceProxies = 1;
			packageReferences = (
				01173E576F255F0B4B8A7F6B /* XCRemoteSwiftPackageReference "ZIPFoundation" */,
			);
			preferredProjectObjectVersion = 77;
			productRefGroup = E2F844768498037C48A51D33 /* Products */;
			projectDirPath = "";
			projectRoot = "";
			targets = (
				C850C6F3C93CCBD09A89B3B8 /* StoryTeller */,
			);
		};
/* End PBXProject section */

/* Begin PBXShellScriptBuildPhase section */
		60338A0ACE81A702899AE701 /* Build llama.cpp */ = {
			isa = PBXShellScriptBuildPhase;
			alwaysOutOfDate = 1;
			buildActionMask = 2147483647;
			files = (
			);
			inputFileListPaths = (
			);
			inputPaths = (
			);
			name = "Build llama.cpp";
			outputFileListPaths = (
			);
			outputPaths = (
			);
			runOnlyForDeploymentPostprocessing = 0;
			shellPath = /bin/sh;
			shellScript = "if [ ! -f \"${PROJECT_DIR}/../tmp/ios-llama/lib/libllama.a\" ]; then\n  echo \"Building llama.cpp for iOS...\"\n  bash \"${PROJECT_DIR}/build_llama.sh\"\nfi\n";
		};
/* End PBXShellScriptBuildPhase section */

/* Begin PBXSourcesBuildPhase section */
		011B0520F0A110C829544BAC /* Sources */ = {
			isa = PBXSourcesBuildPhase;
			buildActionMask = 2147483647;
			files = (
				79B585E4B3D8D1E839A3B5B5 /* AppTheme.swift in Sources */,
				B48AF4BE91682403B6982BD0 /* ChunkStream.swift in Sources */,
				CC6FED8872BB19FF970A14BE /* ContentView.swift in Sources */,
				720ECF17B6DAB14E6CAA3B9D /* ConversationHistoryStore.swift in Sources */,
				C330930F24A94BFB7202974E /* GameMasterView.swift in Sources */,
				899FDE633C03E839C970E83B /* GmIndex.swift in Sources */,
				622D9B644C99DE5E3C46E49E /* GraphNode.swift in Sources */,
				9D5F6D406360CBF6B490F8D2 /* KnowledgeSource.swift in Sources */,
				00A207CA17B6BC833FA08019 /* LibraryView.swift in Sources */,
				59A264E91F0CF4C753C146D5 /* LlamaEngine.swift in Sources */,
				4C53545245414D4252494447 /* LlamaBridge.c in Sources */,
				44797F28A87D5FDA88750131 /* MidiPlayer.swift in Sources */,
				11390C0445DCFFEFB8C05110 /* ModelDownloadManager.swift in Sources */,
				01A756ABF294D96C0F8BBA7B /* ReaderView.swift in Sources */,
				116C8B96BEDA3D8B9DFED842 /* ReleaseModelRegistry.swift in Sources */,
				6C23345D42233CB42F6108B9 /* SaveState.swift in Sources */,
				B27A961F9B102097142E36CE /* StoryPackage.swift in Sources */,
				D61A559E473E835817738B39 /* StoryParser.swift in Sources */,
				3AB923266383E9CCC57C5DD6 /* StoryRepository.swift in Sources */,
				FD4B8F90A613D0D8149DF35C /* StoryTellerApp.swift in Sources */,
				DF980F99216D472FFADCA938 /* TrustedJSONSchema.swift in Sources */,
				687B99AF8B9EDD164133C5F4 /* TrustedV2Schemas.swift in Sources */,
				B290B2A595E755DB52F0F61F /* V2PackageValidator.swift in Sources */,
			);
			runOnlyForDeploymentPostprocessing = 0;
		};
/* End PBXSourcesBuildPhase section */

/* Begin XCBuildConfiguration section */
		0E2D8DCB806759B724A45A4B /* Debug */ = {
			isa = XCBuildConfiguration;
			buildSettings = {
				ALWAYS_SEARCH_USER_PATHS = NO;
				CLANG_ANALYZER_NONNULL = YES;
				CLANG_ANALYZER_NUMBER_OBJECT_CONVERSION = YES_AGGRESSIVE;
				CLANG_CXX_LANGUAGE_STANDARD = "gnu++14";
				CLANG_CXX_LIBRARY = "libc++";
				CLANG_ENABLE_MODULES = YES;
				CLANG_ENABLE_OBJC_ARC = YES;
				CLANG_ENABLE_OBJC_WEAK = YES;
				CLANG_WARN_BLOCK_CAPTURE_AUTORELEASING = YES;
				CLANG_WARN_BOOL_CONVERSION = YES;
				CLANG_WARN_COMMA = YES;
				CLANG_WARN_CONSTANT_CONVERSION = YES;
				CLANG_WARN_DEPRECATED_OBJC_IMPLEMENTATIONS = YES;
				CLANG_WARN_DIRECT_OBJC_ISA_USAGE = YES_ERROR;
				CLANG_WARN_DOCUMENTATION_COMMENTS = YES;
				CLANG_WARN_EMPTY_BODY = YES;
				CLANG_WARN_ENUM_CONVERSION = YES;
				CLANG_WARN_INFINITE_RECURSION = YES;
				CLANG_WARN_INT_CONVERSION = YES;
				CLANG_WARN_NON_LITERAL_NULL_CONVERSION = YES;
				CLANG_WARN_OBJC_IMPLICIT_RETAIN_SELF = YES;
				CLANG_WARN_OBJC_LITERAL_CONVERSION = YES;
				CLANG_WARN_OBJC_ROOT_CLASS = YES_ERROR;
				CLANG_WARN_QUOTED_INCLUDE_IN_FRAMEWORK_HEADER = YES;
				CLANG_WARN_RANGE_LOOP_ANALYSIS = YES;
				CLANG_WARN_STRICT_PROTOTYPES = YES;
				CLANG_WARN_SUSPICIOUS_MOVE = YES;
				CLANG_WARN_UNGUARDED_AVAILABILITY = YES_AGGRESSIVE;
				CLANG_WARN_UNREACHABLE_CODE = YES;
				CLANG_WARN__DUPLICATE_METHOD_MATCH = YES;
				COPY_PHASE_STRIP = NO;
				DEBUG_INFORMATION_FORMAT = dwarf;
				DEVELOPMENT_TEAM = "";
				ENABLE_STRICT_OBJC_MSGSEND = YES;
				ENABLE_TESTABILITY = YES;
				GCC_C_LANGUAGE_STANDARD = gnu11;
				GCC_DYNAMIC_NO_PIC = NO;
				GCC_NO_COMMON_BLOCKS = YES;
				GCC_OPTIMIZATION_LEVEL = 0;
				GCC_PREPROCESSOR_DEFINITIONS = (
					"$(inherited)",
					"DEBUG=1",
				);
				GCC_WARN_64_TO_32_BIT_CONVERSION = YES;
				GCC_WARN_ABOUT_RETURN_TYPE = YES_ERROR;
				GCC_WARN_UNDECLARED_SELECTOR = YES;
				GCC_WARN_UNINITIALIZED_AUTOS = YES_AGGRESSIVE;
				GCC_WARN_UNUSED_FUNCTION = YES;
				GCC_WARN_UNUSED_VARIABLE = YES;
				IPHONEOS_DEPLOYMENT_TARGET = 16.0;
				MTL_ENABLE_DEBUG_INFO = INCLUDE_SOURCE;
				MTL_FAST_MATH = YES;
				ONLY_ACTIVE_ARCH = YES;
				PRODUCT_NAME = "$(TARGET_NAME)";
				SDKROOT = iphoneos;
				SWIFT_ACTIVE_COMPILATION_CONDITIONS = DEBUG;
				SWIFT_OPTIMIZATION_LEVEL = "-Onone";
				SWIFT_VERSION = 5.9;
			};
			name = Debug;
		};
		19744BBD1703CBEA1821069E /* Release */ = {
			isa = XCBuildConfiguration;
			buildSettings = {
				ALWAYS_SEARCH_USER_PATHS = NO;
				CLANG_ANALYZER_NONNULL = YES;
				CLANG_ANALYZER_NUMBER_OBJECT_CONVERSION = YES_AGGRESSIVE;
				CLANG_CXX_LANGUAGE_STANDARD = "gnu++14";
				CLANG_CXX_LIBRARY = "libc++";
				CLANG_ENABLE_MODULES = YES;
				CLANG_ENABLE_OBJC_ARC = YES;
				CLANG_ENABLE_OBJC_WEAK = YES;
				CLANG_WARN_BLOCK_CAPTURE_AUTORELEASING = YES;
				CLANG_WARN_BOOL_CONVERSION = YES;
				CLANG_WARN_COMMA = YES;
				CLANG_WARN_CONSTANT_CONVERSION = YES;
				CLANG_WARN_DEPRECATED_OBJC_IMPLEMENTATIONS = YES;
				CLANG_WARN_DIRECT_OBJC_ISA_USAGE = YES_ERROR;
				CLANG_WARN_DOCUMENTATION_COMMENTS = YES;
				CLANG_WARN_EMPTY_BODY = YES;
				CLANG_WARN_ENUM_CONVERSION = YES;
				CLANG_WARN_INFINITE_RECURSION = YES;
				CLANG_WARN_INT_CONVERSION = YES;
				CLANG_WARN_NON_LITERAL_NULL_CONVERSION = YES;
				CLANG_WARN_OBJC_IMPLICIT_RETAIN_SELF = YES;
				CLANG_WARN_OBJC_LITERAL_CONVERSION = YES;
				CLANG_WARN_OBJC_ROOT_CLASS = YES_ERROR;
				CLANG_WARN_QUOTED_INCLUDE_IN_FRAMEWORK_HEADER = YES;
				CLANG_WARN_RANGE_LOOP_ANALYSIS = YES;
				CLANG_WARN_STRICT_PROTOTYPES = YES;
				CLANG_WARN_SUSPICIOUS_MOVE = YES;
				CLANG_WARN_UNGUARDED_AVAILABILITY = YES_AGGRESSIVE;
				CLANG_WARN_UNREACHABLE_CODE = YES;
				CLANG_WARN__DUPLICATE_METHOD_MATCH = YES;
				COPY_PHASE_STRIP = NO;
				DEBUG_INFORMATION_FORMAT = "dwarf-with-dsym";
				DEVELOPMENT_TEAM = "";
				ENABLE_NS_ASSERTIONS = NO;
				ENABLE_STRICT_OBJC_MSGSEND = YES;
				GCC_C_LANGUAGE_STANDARD = gnu11;
				GCC_NO_COMMON_BLOCKS = YES;
				GCC_WARN_64_TO_32_BIT_CONVERSION = YES;
				GCC_WARN_ABOUT_RETURN_TYPE = YES_ERROR;
				GCC_WARN_UNDECLARED_SELECTOR = YES;
				GCC_WARN_UNINITIALIZED_AUTOS = YES_AGGRESSIVE;
				GCC_WARN_UNUSED_FUNCTION = YES;
				GCC_WARN_UNUSED_VARIABLE = YES;
				IPHONEOS_DEPLOYMENT_TARGET = 16.0;
				MTL_ENABLE_DEBUG_INFO = NO;
				MTL_FAST_MATH = YES;
				PRODUCT_NAME = "$(TARGET_NAME)";
				SDKROOT = iphoneos;
				SWIFT_COMPILATION_MODE = wholemodule;
				SWIFT_OPTIMIZATION_LEVEL = "-O";
				SWIFT_VERSION = 5.9;
			};
			name = Release;
		};
		29501262EA7933E9F01EC1D4 /* Debug */ = {
			isa = XCBuildConfiguration;
			buildSettings = {
				ASSETCATALOG_COMPILER_APPICON_NAME = AppIcon;
				CODE_SIGN_IDENTITY = "iPhone Developer";
				HEADER_SEARCH_PATHS = (
					"$(PROJECT_DIR)/../tmp/ios-llama/include",
				);
				INFOPLIST_FILE = StoryTeller/Info.plist;
				LD_RUNPATH_SEARCH_PATHS = (
					"$(inherited)",
					"@executable_path/Frameworks",
				);
				LIBRARY_SEARCH_PATHS = (
					"$(PROJECT_DIR)/../tmp/ios-llama/lib",
				);
				OTHER_LDFLAGS = (
					"-lllama",
					"-lstdc++",
				);
				PRODUCT_BUNDLE_IDENTIFIER = com.storyteller.ios;
				SDKROOT = iphoneos;
				SWIFT_OBJC_BRIDGING_HEADER = StoryTeller/BridgingHeader.h;
				TARGETED_DEVICE_FAMILY = "1,2";
			};
			name = Debug;
		};
		418E81D5D672FAC0F810773A /* Release */ = {
			isa = XCBuildConfiguration;
			buildSettings = {
				ASSETCATALOG_COMPILER_APPICON_NAME = AppIcon;
				CODE_SIGN_IDENTITY = "iPhone Developer";
				HEADER_SEARCH_PATHS = (
					"$(PROJECT_DIR)/../tmp/ios-llama/include",
				);
				INFOPLIST_FILE = StoryTeller/Info.plist;
				LD_RUNPATH_SEARCH_PATHS = (
					"$(inherited)",
					"@executable_path/Frameworks",
				);
				LIBRARY_SEARCH_PATHS = (
					"$(PROJECT_DIR)/../tmp/ios-llama/lib",
				);
				OTHER_LDFLAGS = (
					"-lllama",
					"-lstdc++",
				);
				PRODUCT_BUNDLE_IDENTIFIER = com.storyteller.ios;
				SDKROOT = iphoneos;
				SWIFT_OBJC_BRIDGING_HEADER = StoryTeller/BridgingHeader.h;
				TARGETED_DEVICE_FAMILY = "1,2";
			};
			name = Release;
		};
/* End XCBuildConfiguration section */

/* Begin XCConfigurationList section */
		0A7597D6ECC3C0851F44CBC1 /* Build configuration list for PBXProject "StoryTeller" */ = {
			isa = XCConfigurationList;
			buildConfigurations = (
				0E2D8DCB806759B724A45A4B /* Debug */,
				19744BBD1703CBEA1821069E /* Release */,
			);
			defaultConfigurationIsVisible = 0;
			defaultConfigurationName = Debug;
		};
		9CD942C34E7FF68B4A85E386 /* Build configuration list for PBXNativeTarget "StoryTeller" */ = {
			isa = XCConfigurationList;
			buildConfigurations = (
				29501262EA7933E9F01EC1D4 /* Debug */,
				418E81D5D672FAC0F810773A /* Release */,
			);
			defaultConfigurationIsVisible = 0;
			defaultConfigurationName = Debug;
		};
/* End XCConfigurationList section */

/* Begin XCRemoteSwiftPackageReference section */
		01173E576F255F0B4B8A7F6B /* XCRemoteSwiftPackageReference "ZIPFoundation" */ = {
			isa = XCRemoteSwiftPackageReference;
			repositoryURL = "https://github.com/weichsel/ZIPFoundation.git";
			requirement = {
				kind = upToNextMajorVersion;
				minimumVersion = 0.9.19;
			};
		};
/* End XCRemoteSwiftPackageReference section */

/* Begin XCSwiftPackageProductDependency section */
		D8EB8F44B980F8829EBF8C14 /* ZIPFoundation */ = {
			isa = XCSwiftPackageProductDependency;
			package = 01173E576F255F0B4B8A7F6B /* XCRemoteSwiftPackageReference "ZIPFoundation" */;
			productName = ZIPFoundation;
		};
/* End XCSwiftPackageProductDependency section */
	};
	rootObject = CB56BE3DA31119AF1CC84FD5 /* Project object */;
}
